// !$*UTF8*$!
{
	archiveVersion = 1;
	classes = {
	};
	objectVersion = 56;
	objects = {

/* Begin PBXBuildFile section */
		933F72002B3EBDC900DAD51C /* NMapsMap in Frameworks */ = {isa = PBXBuildFile; productRef = 933F71FF2B3EBDC900DAD51C /* NMapsMap */; };
		933F72052B3ECB2300DAD51C /* Assets.xcassets in Resources */ = {isa = PBXBuildFile; fileRef = 933F72042B3ECB2300DAD51C /* Assets.xcassets */; };
		9357AEEB2B0C173D000B4353 /* ContentView.swift in Sources */ = {isa = PBXBuildFile; fileRef = 9357AEEA2B0C173D000B4353 /* ContentView.swift */; };
		9357AEED2B0C173F000B4353 /* Assets.xcassets in Resources */ = {isa = PBXBuildFile; fileRef = 9357AEEC2B0C173F000B4353 /* Assets.xcassets */; };
		9357AEF02B0C173F000B4353 /* Preview Assets.xcassets in Resources */ = {isa = PBXBuildFile; fileRef = 9357AEEF2B0C173F000B4353 /* Preview Assets.xcassets */; };
		9357AEFA2B0C173F000B4353 /* BaroMapTests.swift in Sources */ = {isa = PBXBuildFile; fileRef = 9357AEF92B0C173F000B4353 /* BaroMapTests.swift */; };
		9357AF042B0C173F000B4353 /* BaroMapUITests.swift in Sources */ = {isa = PBXBuildFile; fileRef = 9357AF032B0C173F000B4353 /* BaroMapUITests.swift */; };
		9357AF062B0C173F000B4353 /* BaroMapUITestsLaunchTests.swift in Sources */ = {isa = PBXBuildFile; fileRef = 9357AF052B0C173F000B4353 /* BaroMapUITestsLaunchTests.swift */; };
		9357AF142B0C17CE000B4353 /* ComposableArchitecture in Frameworks */ = {isa = PBXBuildFile; productRef = 9357AF132B0C17CE000B4353 /* ComposableArchitecture */; };
		9357AF1C2B0C18F3000B4353 /* Colors.swift in Sources */ = {isa = PBXBuildFile; fileRef = 9357AF1B2B0C18F3000B4353 /* Colors.swift */; };
		9357AF1E2B0C1904000B4353 /* Colors+Extensions.swift in Sources */ = {isa = PBXBuildFile; fileRef = 9357AF1D2B0C1904000B4353 /* Colors+Extensions.swift */; };
		9357AF202B0C1915000B4353 /* Modifiers.swift in Sources */ = {isa = PBXBuildFile; fileRef = 9357AF1F2B0C1915000B4353 /* Modifiers.swift */; };
		9357AF222B0C192D000B4353 /* Modifiers+Extensions.swift in Sources */ = {isa = PBXBuildFile; fileRef = 9357AF212B0C192D000B4353 /* Modifiers+Extensions.swift */; };
		9357AF242B0C1939000B4353 /* Paddings+Extensions.swift in Sources */ = {isa = PBXBuildFile; fileRef = 9357AF232B0C1939000B4353 /* Paddings+Extensions.swift */; };
		9357AF262B0C19B4000B4353 /* RootApp.swift in Sources */ = {isa = PBXBuildFile; fileRef = 9357AF252B0C19B4000B4353 /* RootApp.swift */; };
		9357AF282B0C19BB000B4353 /* RootStore.swift in Sources */ = {isa = PBXBuildFile; fileRef = 9357AF272B0C19BB000B4353 /* RootStore.swift */; };
		9357AF2A2B0C19C4000B4353 /* RootView.swift in Sources */ = {isa = PBXBuildFile; fileRef = 9357AF292B0C19C4000B4353 /* RootView.swift */; };
		9357AF442B1DA660000B4353 /* Line.swift in Sources */ = {isa = PBXBuildFile; fileRef = 9357AF432B1DA660000B4353 /* Line.swift */; };
		9357AF462B1DA665000B4353 /* StationInfo.swift in Sources */ = {isa = PBXBuildFile; fileRef = 9357AF452B1DA664000B4353 /* StationInfo.swift */; };
		9357AF482B1DA66B000B4353 /* Coordinate.swift in Sources */ = {isa = PBXBuildFile; fileRef = 9357AF472B1DA66B000B4353 /* Coordinate.swift */; };
		9357AF4A2B1DA672000B4353 /* PathDetail.swift in Sources */ = {isa = PBXBuildFile; fileRef = 9357AF492B1DA672000B4353 /* PathDetail.swift */; };
		9357AF4C2B1DA677000B4353 /* Place.swift in Sources */ = {isa = PBXBuildFile; fileRef = 9357AF4B2B1DA677000B4353 /* Place.swift */; };
		9357AF4F2B1DAC90000B4353 /* DestinationService.swift in Sources */ = {isa = PBXBuildFile; fileRef = 9357AF4E2B1DAC90000B4353 /* DestinationService.swift */; };
		9357AF512B1DAC9D000B4353 /* DestinationRequest.swift in Sources */ = {isa = PBXBuildFile; fileRef = 9357AF502B1DAC9D000B4353 /* DestinationRequest.swift */; };
		9357AF532B1DACA6000B4353 /* DestinationResponse.swift in Sources */ = {isa = PBXBuildFile; fileRef = 9357AF522B1DACA6000B4353 /* DestinationResponse.swift */; };
		9357AF552B1DACB2000B4353 /* DestinationProvider.swift in Sources */ = {isa = PBXBuildFile; fileRef = 9357AF542B1DACB2000B4353 /* DestinationProvider.swift */; };
		9357AF592B1DB1FF000B4353 /* SearchLocationStore.swift in Sources */ = {isa = PBXBuildFile; fileRef = 9357AF582B1DB1FF000B4353 /* SearchLocationStore.swift */; };
		9357AF5B2B1DB20A000B4353 /* SearchLocationView.swift in Sources */ = {isa = PBXBuildFile; fileRef = 9357AF5A2B1DB20A000B4353 /* SearchLocationView.swift */; };
		9357AF5D2B1DB217000B4353 /* SearchDestinationStore.swift in Sources */ = {isa = PBXBuildFile; fileRef = 9357AF5C2B1DB217000B4353 /* SearchDestinationStore.swift */; };
		9357AF5F2B1DB226000B4353 /* SearchDestinationView.swift in Sources */ = {isa = PBXBuildFile; fileRef = 9357AF5E2B1DB226000B4353 /* SearchDestinationView.swift */; };
		9357AF612B1DB29E000B4353 /* PathListStore.swift in Sources */ = {isa = PBXBuildFile; fileRef = 9357AF602B1DB29E000B4353 /* PathListStore.swift */; };
		9357AF632B1DB2A6000B4353 /* PathListView.swift in Sources */ = {isa = PBXBuildFile; fileRef = 9357AF622B1DB2A6000B4353 /* PathListView.swift */; };
		93EE68332B3EADF90052454D /* CombineMoya in Frameworks */ = {isa = PBXBuildFile; productRef = 93EE68322B3EADF90052454D /* CombineMoya */; };
		93EE68352B3EADF90052454D /* Moya in Frameworks */ = {isa = PBXBuildFile; productRef = 93EE68342B3EADF90052454D /* Moya */; };
		93EE68372B3EADF90052454D /* ReactiveMoya in Frameworks */ = {isa = PBXBuildFile; productRef = 93EE68362B3EADF90052454D /* ReactiveMoya */; };
		93EE68392B3EADF90052454D /* RxMoya in Frameworks */ = {isa = PBXBuildFile; productRef = 93EE68382B3EADF90052454D /* RxMoya */; };
		93EE683B2B3EBB610052454D /* HomeMainStore.swift in Sources */ = {isa = PBXBuildFile; fileRef = 93EE683A2B3EBB610052454D /* HomeMainStore.swift */; };
		93EE683D2B3EBB690052454D /* HomeMainView.swift in Sources */ = {isa = PBXBuildFile; fileRef = 93EE683C2B3EBB690052454D /* HomeMainView.swift */; };
		93EE683F2B3EBB870052454D /* MenuStore.swift in Sources */ = {isa = PBXBuildFile; fileRef = 93EE683E2B3EBB870052454D /* MenuStore.swift */; };
		93EE68412B3EBB8D0052454D /* MenuView.swift in Sources */ = {isa = PBXBuildFile; fileRef = 93EE68402B3EBB8D0052454D /* MenuView.swift */; };
		93EE68432B3EBC190052454D /* MainTabStore.swift in Sources */ = {isa = PBXBuildFile; fileRef = 93EE68422B3EBC190052454D /* MainTabStore.swift */; };
		93EE68452B3EBC260052454D /* MainTabView.swift in Sources */ = {isa = PBXBuildFile; fileRef = 93EE68442B3EBC260052454D /* MainTabView.swift */; };
/* End PBXBuildFile section */

/* Begin PBXContainerItemProxy section */
		9357AEF62B0C173F000B4353 /* PBXContainerItemProxy */ = {
			isa = PBXContainerItemProxy;
			containerPortal = 9357AEDD2B0C173D000B4353 /* Project object */;
			proxyType = 1;
			remoteGlobalIDString = 9357AEE42B0C173D000B4353;
			remoteInfo = BaroMap;
		};
		9357AF002B0C173F000B4353 /* PBXContainerItemProxy */ = {
			isa = PBXContainerItemProxy;
			containerPortal = 9357AEDD2B0C173D000B4353 /* Project object */;
			proxyType = 1;
			remoteGlobalIDString = 9357AEE42B0C173D000B4353;
			remoteInfo = BaroMap;
		};
/* End PBXContainerItemProxy section */

/* Begin PBXFileReference section */
		933F72012B3EC09500DAD51C /* Info.plist */ = {isa = PBXFileReference; lastKnownFileType = text.plist; path = Info.plist; sourceTree = "<group>"; };
		933F72042B3ECB2300DAD51C /* Assets.xcassets */ = {isa = PBXFileReference; lastKnownFileType = folder.assetcatalog; path = Assets.xcassets; sourceTree = "<group>"; };
		9357AEE52B0C173D000B4353 /* BaroMap.app */ = {isa = PBXFileReference; explicitFileType = wrapper.application; includeInIndex = 0; path = BaroMap.app; sourceTree = BUILT_PRODUCTS_DIR; };
		9357AEEA2B0C173D000B4353 /* ContentView.swift */ = {isa = PBXFileReference; lastKnownFileType = sourcecode.swift; path = ContentView.swift; sourceTree = "<group>"; };
		9357AEEC2B0C173F000B4353 /* Assets.xcassets */ = {isa = PBXFileReference; lastKnownFileType = folder.assetcatalog; path = Assets.xcassets; sourceTree = "<group>"; };
		9357AEEF2B0C173F000B4353 /* Preview Assets.xcassets */ = {isa = PBXFileReference; lastKnownFileType = folder.assetcatalog; path = "Preview Assets.xcassets"; sourceTree = "<group>"; };
		9357AEF52B0C173F000B4353 /* BaroMapTests.xctest */ = {isa = PBXFileReference; explicitFileType = wrapper.cfbundle; includeInIndex = 0; path = BaroMapTests.xctest; sourceTree = BUILT_PRODUCTS_DIR; };
		9357AEF92B0C173F000B4353 /* BaroMapTests.swift */ = {isa = PBXFileReference; lastKnownFileType = sourcecode.swift; path = BaroMapTests.swift; sourceTree = "<group>"; };
		9357AEFF2B0C173F000B4353 /* BaroMapUITests.xctest */ = {isa = PBXFileReference; explicitFileType = wrapper.cfbundle; includeInIndex = 0; path = BaroMapUITests.xctest; sourceTree = BUILT_PRODUCTS_DIR; };
		9357AF032B0C173F000B4353 /* BaroMapUITests.swift */ = {isa = PBXFileReference; lastKnownFileType = sourcecode.swift; path = BaroMapUITests.swift; sourceTree = "<group>"; };
		9357AF052B0C173F000B4353 /* BaroMapUITestsLaunchTests.swift */ = {isa = PBXFileReference; lastKnownFileType = sourcecode.swift; path = BaroMapUITestsLaunchTests.swift; sourceTree = "<group>"; };
		9357AF1B2B0C18F3000B4353 /* Colors.swift */ = {isa = PBXFileReference; lastKnownFileType = sourcecode.swift; path = Colors.swift; sourceTree = "<group>"; };
		9357AF1D2B0C1904000B4353 /* Colors+Extensions.swift */ = {isa = PBXFileReference; lastKnownFileType = sourcecode.swift; path = "Colors+Extensions.swift"; sourceTree = "<group>"; };
		9357AF1F2B0C1915000B4353 /* Modifiers.swift */ = {isa = PBXFileReference; lastKnownFileType = sourcecode.swift; path = Modifiers.swift; sourceTree = "<group>"; };
		9357AF212B0C192D000B4353 /* Modifiers+Extensions.swift */ = {isa = PBXFileReference; lastKnownFileType = sourcecode.swift; path = "Modifiers+Extensions.swift"; sourceTree = "<group>"; };
		9357AF232B0C1939000B4353 /* Paddings+Extensions.swift */ = {isa = PBXFileReference; lastKnownFileType = sourcecode.swift; path = "Paddings+Extensions.swift"; sourceTree = "<group>"; };
		9357AF252B0C19B4000B4353 /* RootApp.swift */ = {isa = PBXFileReference; lastKnownFileType = sourcecode.swift; path = RootApp.swift; sourceTree = "<group>"; };
		9357AF272B0C19BB000B4353 /* RootStore.swift */ = {isa = PBXFileReference; lastKnownFileType = sourcecode.swift; path = RootStore.swift; sourceTree = "<group>"; };
		9357AF292B0C19C4000B4353 /* RootView.swift */ = {isa = PBXFileReference; lastKnownFileType = sourcecode.swift; path = RootView.swift; sourceTree = "<group>"; };
		9357AF432B1DA660000B4353 /* Line.swift */ = {isa = PBXFileReference; lastKnownFileType = sourcecode.swift; path = Line.swift; sourceTree = "<group>"; };
		9357AF452B1DA664000B4353 /* StationInfo.swift */ = {isa = PBXFileReference; lastKnownFileType = sourcecode.swift; path = StationInfo.swift; sourceTree = "<group>"; };
		9357AF472B1DA66B000B4353 /* Coordinate.swift */ = {isa = PBXFileReference; lastKnownFileType = sourcecode.swift; path = Coordinate.swift; sourceTree = "<group>"; };
		9357AF492B1DA672000B4353 /* PathDetail.swift */ = {isa = PBXFileReference; lastKnownFileType = sourcecode.swift; path = PathDetail.swift; sourceTree = "<group>"; };
		9357AF4B2B1DA677000B4353 /* Place.swift */ = {isa = PBXFileReference; lastKnownFileType = sourcecode.swift; path = Place.swift; sourceTree = "<group>"; };
		9357AF4E2B1DAC90000B4353 /* DestinationService.swift */ = {isa = PBXFileReference; lastKnownFileType = sourcecode.swift; path = DestinationService.swift; sourceTree = "<group>"; };
		9357AF502B1DAC9D000B4353 /* DestinationRequest.swift */ = {isa = PBXFileReference; lastKnownFileType = sourcecode.swift; path = DestinationRequest.swift; sourceTree = "<group>"; };
		9357AF522B1DACA6000B4353 /* DestinationResponse.swift */ = {isa = PBXFileReference; lastKnownFileType = sourcecode.swift; path = DestinationResponse.swift; sourceTree = "<group>"; };
		9357AF542B1DACB2000B4353 /* DestinationProvider.swift */ = {isa = PBXFileReference; lastKnownFileType = sourcecode.swift; path = DestinationProvider.swift; sourceTree = "<group>"; };
		9357AF582B1DB1FF000B4353 /* SearchLocationStore.swift */ = {isa = PBXFileReference; lastKnownFileType = sourcecode.swift; path = SearchLocationStore.swift; sourceTree = "<group>"; };
		9357AF5A2B1DB20A000B4353 /* SearchLocationView.swift */ = {isa = PBXFileReference; lastKnownFileType = sourcecode.swift; path = SearchLocationView.swift; sourceTree = "<group>"; };
		9357AF5C2B1DB217000B4353 /* SearchDestinationStore.swift */ = {isa = PBXFileReference; lastKnownFileType = sourcecode.swift; path = SearchDestinationStore.swift; sourceTree = "<group>"; };
		9357AF5E2B1DB226000B4353 /* SearchDestinationView.swift */ = {isa = PBXFileReference; lastKnownFileType = sourcecode.swift; path = SearchDestinationView.swift; sourceTree = "<group>"; };
		9357AF602B1DB29E000B4353 /* PathListStore.swift */ = {isa = PBXFileReference; lastKnownFileType = sourcecode.swift; path = PathListStore.swift; sourceTree = "<group>"; };
		9357AF622B1DB2A6000B4353 /* PathListView.swift */ = {isa = PBXFileReference; lastKnownFileType = sourcecode.swift; path = PathListView.swift; sourceTree = "<group>"; };
		93EE683A2B3EBB610052454D /* HomeMainStore.swift */ = {isa = PBXFileReference; lastKnownFileType = sourcecode.swift; path = HomeMainStore.swift; sourceTree = "<group>"; };
		93EE683C2B3EBB690052454D /* HomeMainView.swift */ = {isa = PBXFileReference; lastKnownFileType = sourcecode.swift; path = HomeMainView.swift; sourceTree = "<group>"; };
		93EE683E2B3EBB870052454D /* MenuStore.swift */ = {isa = PBXFileReference; lastKnownFileType = sourcecode.swift; path = MenuStore.swift; sourceTree = "<group>"; };
		93EE68402B3EBB8D0052454D /* MenuView.swift */ = {isa = PBXFileReference; lastKnownFileType = sourcecode.swift; path = MenuView.swift; sourceTree = "<group>"; };
		93EE68422B3EBC190052454D /* MainTabStore.swift */ = {isa = PBXFileReference; lastKnownFileType = sourcecode.swift; path = MainTabStore.swift; sourceTree = "<group>"; };
		93EE68442B3EBC260052454D /* MainTabView.swift */ = {isa = PBXFileReference; lastKnownFileType = sourcecode.swift; path = MainTabView.swift; sourceTree = "<group>"; };
/* End PBXFileReference section */

/* Begin PBXFrameworksBuildPhase section */
		9357AEE22B0C173D000B4353 /* Frameworks */ = {
			isa = PBXFrameworksBuildPhase;
			buildActionMask = 2147483647;
			files = (
				93EE68392B3EADF90052454D /* RxMoya in Frameworks */,
				933F72002B3EBDC900DAD51C /* NMapsMap in Frameworks */,
				93EE68332B3EADF90052454D /* CombineMoya in Frameworks */,
				93EE68372B3EADF90052454D /* ReactiveMoya in Frameworks */,
				9357AF142B0C17CE000B4353 /* ComposableArchitecture in Frameworks */,
				93EE68352B3EADF90052454D /* Moya in Frameworks */,
			);
			runOnlyForDeploymentPostprocessing = 0;
		};
		9357AEF22B0C173F000B4353 /* Frameworks */ = {
			isa = PBXFrameworksBuildPhase;
			buildActionMask = 2147483647;
			files = (
			);
			runOnlyForDeploymentPostprocessing = 0;
		};
		9357AEFC2B0C173F000B4353 /* Frameworks */ = {
			isa = PBXFrameworksBuildPhase;
			buildActionMask = 2147483647;
			files = (
			);
			runOnlyForDeploymentPostprocessing = 0;
		};
/* End PBXFrameworksBuildPhase section */

/* Begin PBXGroup section */
		933F72022B3ECA7700DAD51C /* Sources */ = {
			isa = PBXGroup;
			children = (
				9357AF1A2B0C1875000B4353 /* App */,
				9357AF192B0C186D000B4353 /* Domain */,
				9357AF162B0C1846000B4353 /* DesignSystem */,
				9357AF182B0C1867000B4353 /* Feature */,
			);
			name = Sources;
			path = Modules/Sources;
			sourceTree = "<group>";
		};
		933F72032B3ECAF600DAD51C /* Resources */ = {
			isa = PBXGroup;
			children = (
				933F72042B3ECB2300DAD51C /* Assets.xcassets */,
			);
			path = Resources;
			sourceTree = "<group>";
		};
		9357AEDC2B0C173D000B4353 = {
			isa = PBXGroup;
			children = (
				9357AEE72B0C173D000B4353 /* BaroMap */,
				9357AEF82B0C173F000B4353 /* BaroMapTests */,
				9357AF022B0C173F000B4353 /* BaroMapUITests */,
				9357AEE62B0C173D000B4353 /* Products */,
			);
			sourceTree = "<group>";
		};
		9357AEE62B0C173D000B4353 /* Products */ = {
			isa = PBXGroup;
			children = (
				9357AEE52B0C173D000B4353 /* BaroMap.app */,
				9357AEF52B0C173F000B4353 /* BaroMapTests.xctest */,
				9357AEFF2B0C173F000B4353 /* BaroMapUITests.xctest */,
			);
			name = Products;
			sourceTree = "<group>";
		};
		9357AEE72B0C173D000B4353 /* BaroMap */ = {
			isa = PBXGroup;
			children = (
				933F72012B3EC09500DAD51C /* Info.plist */,
				933F72032B3ECAF600DAD51C /* Resources */,
				933F72022B3ECA7700DAD51C /* Sources */,
				9357AEEA2B0C173D000B4353 /* ContentView.swift */,
				9357AEEC2B0C173F000B4353 /* Assets.xcassets */,
				9357AEEE2B0C173F000B4353 /* Preview Content */,
			);
			path = BaroMap;
			sourceTree = "<group>";
		};
		9357AEEE2B0C173F000B4353 /* Preview Content */ = {
			isa = PBXGroup;
			children = (
				9357AEEF2B0C173F000B4353 /* Preview Assets.xcassets */,
			);
			path = "Preview Content";
			sourceTree = "<group>";
		};
		9357AEF82B0C173F000B4353 /* BaroMapTests */ = {
			isa = PBXGroup;
			children = (
				9357AEF92B0C173F000B4353 /* BaroMapTests.swift */,
			);
			path = BaroMapTests;
			sourceTree = "<group>";
		};
		9357AF022B0C173F000B4353 /* BaroMapUITests */ = {
			isa = PBXGroup;
			children = (
				9357AF032B0C173F000B4353 /* BaroMapUITests.swift */,
				9357AF052B0C173F000B4353 /* BaroMapUITestsLaunchTests.swift */,
			);
			path = BaroMapUITests;
			sourceTree = "<group>";
		};
		9357AF162B0C1846000B4353 /* DesignSystem */ = {
			isa = PBXGroup;
			children = (
				9357AF1B2B0C18F3000B4353 /* Colors.swift */,
				9357AF1D2B0C1904000B4353 /* Colors+Extensions.swift */,
				9357AF1F2B0C1915000B4353 /* Modifiers.swift */,
				9357AF212B0C192D000B4353 /* Modifiers+Extensions.swift */,
				9357AF232B0C1939000B4353 /* Paddings+Extensions.swift */,
			);
			path = DesignSystem;
			sourceTree = "<group>";
		};
		9357AF182B0C1867000B4353 /* Feature */ = {
			isa = PBXGroup;
			children = (
				93EE68422B3EBC190052454D /* MainTabStore.swift */,
				93EE68442B3EBC260052454D /* MainTabView.swift */,
				9357AF2D2B0C1B2D000B4353 /* Home */,
				9357AF2C2B0C1B27000B4353 /* Map */,
				9357AF2B2B0C1B1F000B4353 /* Menu */,
			);
			path = Feature;
			sourceTree = "<group>";
		};
		9357AF192B0C186D000B4353 /* Domain */ = {
			isa = PBXGroup;
			children = (
				9357AF4D2B1DAC80000B4353 /* Auth */,
				9357AF432B1DA660000B4353 /* Line.swift */,
				9357AF452B1DA664000B4353 /* StationInfo.swift */,
				9357AF472B1DA66B000B4353 /* Coordinate.swift */,
				9357AF492B1DA672000B4353 /* PathDetail.swift */,
				9357AF4B2B1DA677000B4353 /* Place.swift */,
			);
			path = Domain;
			sourceTree = "<group>";
		};
		9357AF1A2B0C1875000B4353 /* App */ = {
			isa = PBXGroup;
			children = (
				9357AF252B0C19B4000B4353 /* RootApp.swift */,
				9357AF272B0C19BB000B4353 /* RootStore.swift */,
				9357AF292B0C19C4000B4353 /* RootView.swift */,
			);
			path = App;
			sourceTree = "<group>";
		};
		9357AF2B2B0C1B1F000B4353 /* Menu */ = {
			isa = PBXGroup;
			children = (
				93EE683E2B3EBB870052454D /* MenuStore.swift */,
				93EE68402B3EBB8D0052454D /* MenuView.swift */,
			);
			path = Menu;
			sourceTree = "<group>";
		};
		9357AF2C2B0C1B27000B4353 /* Map */ = {
			isa = PBXGroup;
			children = (
				9357AF582B1DB1FF000B4353 /* SearchLocationStore.swift */,
				9357AF5A2B1DB20A000B4353 /* SearchLocationView.swift */,
				9357AF5C2B1DB217000B4353 /* SearchDestinationStore.swift */,
				9357AF5E2B1DB226000B4353 /* SearchDestinationView.swift */,
				9357AF602B1DB29E000B4353 /* PathListStore.swift */,
				9357AF622B1DB2A6000B4353 /* PathListView.swift */,
			);
			path = Map;
			sourceTree = "<group>";
		};
		9357AF2D2B0C1B2D000B4353 /* Home */ = {
			isa = PBXGroup;
			children = (
				93EE683A2B3EBB610052454D /* HomeMainStore.swift */,
				93EE683C2B3EBB690052454D /* HomeMainView.swift */,
			);
			path = Home;
			sourceTree = "<group>";
		};
		9357AF4D2B1DAC80000B4353 /* Auth */ = {
			isa = PBXGroup;
			children = (
				9357AF562B1DB174000B4353 /* Destination */,
				9357AF572B1DB186000B4353 /* Path */,
			);
			path = Auth;
			sourceTree = "<group>";
		};
		9357AF562B1DB174000B4353 /* Destination */ = {
			isa = PBXGroup;
			children = (
				9357AF4E2B1DAC90000B4353 /* DestinationService.swift */,
				9357AF502B1DAC9D000B4353 /* DestinationRequest.swift */,
				9357AF522B1DACA6000B4353 /* DestinationResponse.swift */,
				9357AF542B1DACB2000B4353 /* DestinationProvider.swift */,
			);
			path = Destination;
			sourceTree = "<group>";
		};
		9357AF572B1DB186000B4353 /* Path */ = {
			isa = PBXGroup;
			children = (
			);
			path = Path;
			sourceTree = "<group>";
		};
/* End PBXGroup section */

/* Begin PBXNativeTarget section */
		9357AEE42B0C173D000B4353 /* BaroMap */ = {
			isa = PBXNativeTarget;
			buildConfigurationList = 9357AF092B0C173F000B4353 /* Build configuration list for PBXNativeTarget "BaroMap" */;
			buildPhases = (
				9357AEE12B0C173D000B4353 /* Sources */,
				9357AEE22B0C173D000B4353 /* Frameworks */,
				9357AEE32B0C173D000B4353 /* Resources */,
			);
			buildRules = (
			);
			dependencies = (
			);
			name = BaroMap;
			packageProductDependencies = (
				9357AF132B0C17CE000B4353 /* ComposableArchitecture */,
				93EE68322B3EADF90052454D /* CombineMoya */,
				93EE68342B3EADF90052454D /* Moya */,
				93EE68362B3EADF90052454D /* ReactiveMoya */,
				93EE68382B3EADF90052454D /* RxMoya */,
				933F71FF2B3EBDC900DAD51C /* NMapsMap */,
			);
			productName = BaroMap;
			productReference = 9357AEE52B0C173D000B4353 /* BaroMap.app */;
			productType = "com.apple.product-type.application";
		};
		9357AEF42B0C173F000B4353 /* BaroMapTests */ = {
			isa = PBXNativeTarget;
			buildConfigurationList = 9357AF0C2B0C173F000B4353 /* Build configuration list for PBXNativeTarget "BaroMapTests" */;
			buildPhases = (
				9357AEF12B0C173F000B4353 /* Sources */,
				9357AEF22B0C173F000B4353 /* Frameworks */,
				9357AEF32B0C173F000B4353 /* Resources */,
			);
			buildRules = (
			);
			dependencies = (
				9357AEF72B0C173F000B4353 /* PBXTargetDependency */,
			);
			name = BaroMapTests;
			productName = BaroMapTests;
			productReference = 9357AEF52B0C173F000B4353 /* BaroMapTests.xctest */;
			productType = "com.apple.product-type.bundle.unit-test";
		};
		9357AEFE2B0C173F000B4353 /* BaroMapUITests */ = {
			isa = PBXNativeTarget;
			buildConfigurationList = 9357AF0F2B0C173F000B4353 /* Build configuration list for PBXNativeTarget "BaroMapUITests" */;
			buildPhases = (
				9357AEFB2B0C173F000B4353 /* Sources */,
				9357AEFC2B0C173F000B4353 /* Frameworks */,
				9357AEFD2B0C173F000B4353 /* Resources */,
			);
			buildRules = (
			);
			dependencies = (
				9357AF012B0C173F000B4353 /* PBXTargetDependency */,
			);
			name = BaroMapUITests;
			productName = BaroMapUITests;
			productReference = 9357AEFF2B0C173F000B4353 /* BaroMapUITests.xctest */;
			productType = "com.apple.product-type.bundle.ui-testing";
		};
/* End PBXNativeTarget section */

/* Begin PBXProject section */
		9357AEDD2B0C173D000B4353 /* Project object */ = {
			isa = PBXProject;
			attributes = {
				BuildIndependentTargetsInParallel = 1;
				LastSwiftUpdateCheck = 1500;
				LastUpgradeCheck = 1500;
				TargetAttributes = {
					9357AEE42B0C173D000B4353 = {
						CreatedOnToolsVersion = 15.0.1;
					};
					9357AEF42B0C173F000B4353 = {
						CreatedOnToolsVersion = 15.0.1;
						TestTargetID = 9357AEE42B0C173D000B4353;
					};
					9357AEFE2B0C173F000B4353 = {
						CreatedOnToolsVersion = 15.0.1;
						TestTargetID = 9357AEE42B0C173D000B4353;
					};
				};
			};
			buildConfigurationList = 9357AEE02B0C173D000B4353 /* Build configuration list for PBXProject "BaroMap" */;
			compatibilityVersion = "Xcode 14.0";
			developmentRegion = en;
			hasScannedForEncodings = 0;
			knownRegions = (
				en,
				Base,
			);
			mainGroup = 9357AEDC2B0C173D000B4353;
			packageReferences = (
				9357AF122B0C17CE000B4353 /* XCRemoteSwiftPackageReference "swift-composable-architecture" */,
				93EE68312B3EADF90052454D /* XCRemoteSwiftPackageReference "Moya" */,
				933F71FE2B3EBDC900DAD51C /* XCRemoteSwiftPackageReference "NMapsMap" */,
			);
			productRefGroup = 9357AEE62B0C173D000B4353 /* Products */;
			projectDirPath = "";
			projectRoot = "";
			targets = (
				9357AEE42B0C173D000B4353 /* BaroMap */,
				9357AEF42B0C173F000B4353 /* BaroMapTests */,
				9357AEFE2B0C173F000B4353 /* BaroMapUITests */,
			);
		};
/* End PBXProject section */

/* Begin PBXResourcesBuildPhase section */
		9357AEE32B0C173D000B4353 /* Resources */ = {
			isa = PBXResourcesBuildPhase;
			buildActionMask = 2147483647;
			files = (
				9357AEF02B0C173F000B4353 /* Preview Assets.xcassets in Resources */,
				933F72052B3ECB2300DAD51C /* Assets.xcassets in Resources */,
				9357AEED2B0C173F000B4353 /* Assets.xcassets in Resources */,
			);
			runOnlyForDeploymentPostprocessing = 0;
		};
		9357AEF32B0C173F000B4353 /* Resources */ = {
			isa = PBXResourcesBuildPhase;
			buildActionMask = 2147483647;
			files = (
			);
			runOnlyForDeploymentPostprocessing = 0;
		};
		9357AEFD2B0C173F000B4353 /* Resources */ = {
			isa = PBXResourcesBuildPhase;
			buildActionMask = 2147483647;
			files = (
			);
			runOnlyForDeploymentPostprocessing = 0;
		};
/* End PBXResourcesBuildPhase section */

/* Begin PBXSourcesBuildPhase section */
		9357AEE12B0C173D000B4353 /* Sources */ = {
			isa = PBXSourcesBuildPhase;
			buildActionMask = 2147483647;
			files = (
				93EE683B2B3EBB610052454D /* HomeMainStore.swift in Sources */,
				93EE683F2B3EBB870052454D /* MenuStore.swift in Sources */,
				9357AEEB2B0C173D000B4353 /* ContentView.swift in Sources */,
				9357AF5B2B1DB20A000B4353 /* SearchLocationView.swift in Sources */,
				9357AF532B1DACA6000B4353 /* DestinationResponse.swift in Sources */,
				9357AF242B0C1939000B4353 /* Paddings+Extensions.swift in Sources */,
				9357AF592B1DB1FF000B4353 /* SearchLocationStore.swift in Sources */,
				9357AF1C2B0C18F3000B4353 /* Colors.swift in Sources */,
				9357AF222B0C192D000B4353 /* Modifiers+Extensions.swift in Sources */,
				9357AF4A2B1DA672000B4353 /* PathDetail.swift in Sources */,
				9357AF4F2B1DAC90000B4353 /* DestinationService.swift in Sources */,
				9357AF632B1DB2A6000B4353 /* PathListView.swift in Sources */,
				9357AF4C2B1DA677000B4353 /* Place.swift in Sources */,
				9357AF2A2B0C19C4000B4353 /* RootView.swift in Sources */,
				9357AF552B1DACB2000B4353 /* DestinationProvider.swift in Sources */,
				93EE683D2B3EBB690052454D /* HomeMainView.swift in Sources */,
				9357AF262B0C19B4000B4353 /* RootApp.swift in Sources */,
				9357AF1E2B0C1904000B4353 /* Colors+Extensions.swift in Sources */,
				9357AF282B0C19BB000B4353 /* RootStore.swift in Sources */,
				9357AF5D2B1DB217000B4353 /* SearchDestinationStore.swift in Sources */,
				9357AF462B1DA665000B4353 /* StationInfo.swift in Sources */,
				93EE68412B3EBB8D0052454D /* MenuView.swift in Sources */,
				9357AF202B0C1915000B4353 /* Modifiers.swift in Sources */,
				93EE68432B3EBC190052454D /* MainTabStore.swift in Sources */,
				9357AF612B1DB29E000B4353 /* PathListStore.swift in Sources */,
				9357AF442B1DA660000B4353 /* Line.swift in Sources */,
				9357AF5F2B1DB226000B4353 /* SearchDestinationView.swift in Sources */,
				9357AF512B1DAC9D000B4353 /* DestinationRequest.swift in Sources */,
				9357AF482B1DA66B000B4353 /* Coordinate.swift in Sources */,
				93EE68452B3EBC260052454D /* MainTabView.swift in Sources */,
			);
			runOnlyForDeploymentPostprocessing = 0;
		};
		9357AEF12B0C173F000B4353 /* Sources */ = {
			isa = PBXSourcesBuildPhase;
			buildActionMask = 2147483647;
			files = (
				9357AEFA2B0C173F000B4353 /* BaroMapTests.swift in Sources */,
			);
			runOnlyForDeploymentPostprocessing = 0;
		};
		9357AEFB2B0C173F000B4353 /* Sources */ = {
			isa = PBXSourcesBuildPhase;
			buildActionMask = 2147483647;
			files = (
				9357AF042B0C173F000B4353 /* BaroMapUITests.swift in Sources */,
				9357AF062B0C173F000B4353 /* BaroMapUITestsLaunchTests.swift in Sources */,
			);
			runOnlyForDeploymentPostprocessing = 0;
		};
/* End PBXSourcesBuildPhase section */

/* Begin PBXTargetDependency section */
		9357AEF72B0C173F000B4353 /* PBXTargetDependency */ = {
			isa = PBXTargetDependency;
			target = 9357AEE42B0C173D000B4353 /* BaroMap */;
			targetProxy = 9357AEF62B0C173F000B4353 /* PBXContainerItemProxy */;
		};
		9357AF012B0C173F000B4353 /* PBXTargetDependency */ = {
			isa = PBXTargetDependency;
			target = 9357AEE42B0C173D000B4353 /* BaroMap */;
			targetProxy = 9357AF002B0C173F000B4353 /* PBXContainerItemProxy */;
		};
/* End PBXTargetDependency section */

/* Begin XCBuildConfiguration section */
		9357AF072B0C173F000B4353 /* Debug */ = {
			isa = XCBuildConfiguration;
			buildSettings = {
				ALWAYS_SEARCH_USER_PATHS = NO;
				ASSETCATALOG_COMPILER_GENERATE_SWIFT_ASSET_SYMBOL_EXTENSIONS = YES;
				CLANG_ANALYZER_LOCALIZABILITY_EMPTY_CONTEXT = YES;
				CLANG_ANALYZER_NONNULL = YES;
				CLANG_ANALYZER_NUMBER_OBJECT_CONVERSION = YES_AGGRESSIVE;
				CLANG_CXX_LANGUAGE_STANDARD = "gnu++20";
				CLANG_ENABLE_MODULES = YES;
				CLANG_ENABLE_OBJC_ARC = YES;
				CLANG_ENABLE_OBJC_WEAK = YES;
				CLANG_WARN_BLOCK_CAPTURE_AUTORELEASING = YES;
				CLANG_WARN_BOOL_CONVERSION = YES;
				CLANG_WARN_COMMA = YES;
				CLANG_WARN_CONSTANT_CONVERSION = YES;
				CLANG_WARN_DEPRECATED_OBJC_IMPLEMENTATIONS = YES;
				CLANG_WARN_DIRECT_OBJC_ISA_USAGE = YES_ERROR;
				CLANG_WARN_DOCUMENTATION_COMMENTS = YES;
				CLANG_WARN_EMPTY_BODY = YES;
				CLANG_WARN_ENUM_CONVERSION = YES;
				CLANG_WARN_INFINITE_RECURSION = YES;
				CLANG_WARN_INT_CONVERSION = YES;
				CLANG_WARN_NON_LITERAL_NULL_CONVERSION = YES;
				CLANG_WARN_OBJC_IMPLICIT_RETAIN_SELF = YES;
				CLANG_WARN_OBJC_LITERAL_CONVERSION = YES;
				CLANG_WARN_OBJC_ROOT_CLASS = YES_ERROR;
				CLANG_WARN_QUOTED_INCLUDE_IN_FRAMEWORK_HEADER = YES;
				CLANG_WARN_RANGE_LOOP_ANALYSIS = YES;
				CLANG_WARN_STRICT_PROTOTYPES = YES;
				CLANG_WARN_SUSPICIOUS_MOVE = YES;
				CLANG_WARN_UNGUARDED_AVAILABILITY = YES_AGGRESSIVE;
				CLANG_WARN_UNREACHABLE_CODE = YES;
				CLANG_WARN__DUPLICATE_METHOD_MATCH = YES;
				COPY_PHASE_STRIP = NO;
				DEBUG_INFORMATION_FORMAT = dwarf;
				ENABLE_STRICT_OBJC_MSGSEND = YES;
				ENABLE_TESTABILITY = YES;
				ENABLE_USER_SCRIPT_SANDBOXING = YES;
				GCC_C_LANGUAGE_STANDARD = gnu17;
				GCC_DYNAMIC_NO_PIC = NO;
				GCC_NO_COMMON_BLOCKS = YES;
				GCC_OPTIMIZATION_LEVEL = 0;
				GCC_PREPROCESSOR_DEFINITIONS = (
					"DEBUG=1",
					"$(inherited)",
				);
				GCC_WARN_64_TO_32_BIT_CONVERSION = YES;
				GCC_WARN_ABOUT_RETURN_TYPE = YES_ERROR;
				GCC_WARN_UNDECLARED_SELECTOR = YES;
				GCC_WARN_UNINITIALIZED_AUTOS = YES_AGGRESSIVE;
				GCC_WARN_UNUSED_FUNCTION = YES;
				GCC_WARN_UNUSED_VARIABLE = YES;
				IPHONEOS_DEPLOYMENT_TARGET = 17.0;
				LOCALIZATION_PREFERS_STRING_CATALOGS = YES;
				MTL_ENABLE_DEBUG_INFO = INCLUDE_SOURCE;
				MTL_FAST_MATH = YES;
				ONLY_ACTIVE_ARCH = YES;
				SDKROOT = iphoneos;
				SWIFT_ACTIVE_COMPILATION_CONDITIONS = "DEBUG $(inherited)";
				SWIFT_OPTIMIZATION_LEVEL = "-Onone";
			};
			name = Debug;
		};
		9357AF082B0C173F000B4353 /* Release */ = {
			isa = XCBuildConfiguration;
			buildSettings = {
				ALWAYS_SEARCH_USER_PATHS = NO;
				ASSETCATALOG_COMPILER_GENERATE_SWIFT_ASSET_SYMBOL_EXTENSIONS = YES;
				CLANG_ANALYZER_LOCALIZABILITY_EMPTY_CONTEXT = YES;
				CLANG_ANALYZER_NONNULL = YES;
				CLANG_ANALYZER_NUMBER_OBJECT_CONVERSION = YES_AGGRESSIVE;
				CLANG_CXX_LANGUAGE_STANDARD = "gnu++20";
				CLANG_ENABLE_MODULES = YES;
				CLANG_ENABLE_OBJC_ARC = YES;
				CLANG_ENABLE_OBJC_WEAK = YES;
				CLANG_WARN_BLOCK_CAPTURE_AUTORELEASING = YES;
				CLANG_WARN_BOOL_CONVERSION = YES;
				CLANG_WARN_COMMA = YES;
				CLANG_WARN_CONSTANT_CONVERSION = YES;
				CLANG_WARN_DEPRECATED_OBJC_IMPLEMENTATIONS = YES;
				CLANG_WARN_DIRECT_OBJC_ISA_USAGE = YES_ERROR;
				CLANG_WARN_DOCUMENTATION_COMMENTS = YES;
				CLANG_WARN_EMPTY_BODY = YES;
				CLANG_WARN_ENUM_CONVERSION = YES;
				CLANG_WARN_INFINITE_RECURSION = YES;
				CLANG_WARN_INT_CONVERSION = YES;
				CLANG_WARN_NON_LITERAL_NULL_CONVERSION = YES;
				CLANG_WARN_OBJC_IMPLICIT_RETAIN_SELF = YES;
				CLANG_WARN_OBJC_LITERAL_CONVERSION = YES;
				CLANG_WARN_OBJC_ROOT_CLASS = YES_ERROR;
				CLANG_WARN_QUOTED_INCLUDE_IN_FRAMEWORK_HEADER = YES;
				CLANG_WARN_RANGE_LOOP_ANALYSIS = YES;
				CLANG_WARN_STRICT_PROTOTYPES = YES;
				CLANG_WARN_SUSPICIOUS_MOVE = YES;
				CLANG_WARN_UNGUARDED_AVAILABILITY = YES_AGGRESSIVE;
				CLANG_WARN_UNREACHABLE_CODE = YES;
				CLANG_WARN__DUPLICATE_METHOD_MATCH = YES;
				COPY_PHASE_STRIP = NO;
				DEBUG_INFORMATION_FORMAT = "dwarf-with-dsym";
				ENABLE_NS_ASSERTIONS = NO;
				ENABLE_STRICT_OBJC_MSGSEND = YES;
				ENABLE_USER_SCRIPT_SANDBOXING = YES;
				GCC_C_LANGUAGE_STANDARD = gnu17;
				GCC_NO_COMMON_BLOCKS = YES;
				GCC_WARN_64_TO_32_BIT_CONVERSION = YES;
				GCC_WARN_ABOUT_RETURN_TYPE = YES_ERROR;
				GCC_WARN_UNDECLARED_SELECTOR = YES;
				GCC_WARN_UNINITIALIZED_AUTOS = YES_AGGRESSIVE;
				GCC_WARN_UNUSED_FUNCTION = YES;
				GCC_WARN_UNUSED_VARIABLE = YES;
				IPHONEOS_DEPLOYMENT_TARGET = 17.0;
				LOCALIZATION_PREFERS_STRING_CATALOGS = YES;
				MTL_ENABLE_DEBUG_INFO = NO;
				MTL_FAST_MATH = YES;
				SDKROOT = iphoneos;
				SWIFT_COMPILATION_MODE = wholemodule;
				VALIDATE_PRODUCT = YES;
			};
			name = Release;
		};
		9357AF0A2B0C173F000B4353 /* Debug */ = {
			isa = XCBuildConfiguration;
			buildSettings = {
				ASSETCATALOG_COMPILER_APPICON_NAME = AppIcon;
				ASSETCATALOG_COMPILER_GLOBAL_ACCENT_COLOR_NAME = AccentColor;
				ASSETCATALOG_COMPILER_INCLUDE_ALL_APPICON_ASSETS = NO;
				CODE_SIGN_STYLE = Automatic;
				CURRENT_PROJECT_VERSION = 1;
				DEVELOPMENT_ASSET_PATHS = "\"BaroMap/Preview Content\"";
				DEVELOPMENT_TEAM = X4S5UYW6DJ;
				ENABLE_PREVIEWS = YES;
				GENERATE_INFOPLIST_FILE = YES;
				INFOPLIST_FILE = BaroMap/Info.plist;
				INFOPLIST_KEY_NSLocationAlwaysAndWhenInUseUsageDescription = "사용자의 현재 위치를 지도상에서 표시하고 주변 검색 결과 및 예상 이동 시간을 제공하는 데 사용됩니다.";
				INFOPLIST_KEY_NSLocationAlwaysUsageDescription = "사용자의 현재 위치를 지도상에서 표시하고 주변 검색 결과 및 예상 이동 시간을 제공하는 데 사용됩니다.";
				INFOPLIST_KEY_NSLocationWhenInUseUsageDescription = "사용자의 현재 위치를 지도상에서 표시하고 주변 검색 결과 및 예상 이동 시간을 제공하는 데 사용됩니다.";
				INFOPLIST_KEY_UIApplicationSceneManifest_Generation = YES;
				INFOPLIST_KEY_UIApplicationSupportsIndirectInputEvents = YES;
				INFOPLIST_KEY_UILaunchScreen_Generation = YES;
				INFOPLIST_KEY_UISupportedInterfaceOrientations_iPad = "UIInterfaceOrientationPortrait UIInterfaceOrientationPortraitUpsideDown UIInterfaceOrientationLandscapeLeft UIInterfaceOrientationLandscapeRight";
				INFOPLIST_KEY_UISupportedInterfaceOrientations_iPhone = "UIInterfaceOrientationPortrait UIInterfaceOrientationLandscapeLeft UIInterfaceOrientationLandscapeRight";
				LD_RUNPATH_SEARCH_PATHS = (
					"$(inherited)",
					"@executable_path/Frameworks",
				);
				MARKETING_VERSION = 1.0;
				PRODUCT_BUNDLE_IDENTIFIER = com.alom.baro.BaroMap;
				PRODUCT_NAME = "$(TARGET_NAME)";
				SWIFT_EMIT_LOC_STRINGS = YES;
				SWIFT_VERSION = 5.0;
				TARGETED_DEVICE_FAMILY = "1,2";
			};
			name = Debug;
		};
		9357AF0B2B0C173F000B4353 /* Release */ = {
			isa = XCBuildConfiguration;
			buildSettings = {
				ASSETCATALOG_COMPILER_APPICON_NAME = AppIcon;
				ASSETCATALOG_COMPILER_GLOBAL_ACCENT_COLOR_NAME = AccentColor;
				ASSETCATALOG_COMPILER_INCLUDE_ALL_APPICON_ASSETS = NO;
				CODE_SIGN_STYLE = Automatic;
				CURRENT_PROJECT_VERSION = 1;
				DEVELOPMENT_ASSET_PATHS = "\"BaroMap/Preview Content\"";
				DEVELOPMENT_TEAM = X4S5UYW6DJ;
				ENABLE_PREVIEWS = YES;
				GENERATE_INFOPLIST_FILE = YES;
				INFOPLIST_FILE = BaroMap/Info.plist;
				INFOPLIST_KEY_NSLocationAlwaysAndWhenInUseUsageDescription = "사용자의 현재 위치를 지도상에서 표시하고 주변 검색 결과 및 예상 이동 시간을 제공하는 데 사용됩니다.";
				INFOPLIST_KEY_NSLocationAlwaysUsageDescription = "사용자의 현재 위치를 지도상에서 표시하고 주변 검색 결과 및 예상 이동 시간을 제공하는 데 사용됩니다.";
				INFOPLIST_KEY_NSLocationWhenInUseUsageDescription = "사용자의 현재 위치를 지도상에서 표시하고 주변 검색 결과 및 예상 이동 시간을 제공하는 데 사용됩니다.";
				INFOPLIST_KEY_UIApplicationSceneManifest_Generation = YES;
				INFOPLIST_KEY_UIApplicationSupportsIndirectInputEvents = YES;
				INFOPLIST_KEY_UILaunchScreen_Generation = YES;
				INFOPLIST_KEY_UISupportedInterfaceOrientations_iPad = "UIInterfaceOrientationPortrait UIInterfaceOrientationPortraitUpsideDown UIInterfaceOrientationLandscapeLeft UIInterfaceOrientationLandscapeRight";
				INFOPLIST_KEY_UISupportedInterfaceOrientations_iPhone = "UIInterfaceOrientationPortrait UIInterfaceOrientationLandscapeLeft UIInterfaceOrientationLandscapeRight";
				LD_RUNPATH_SEARCH_PATHS = (
					"$(inherited)",
					"@executable_path/Frameworks",
				);
				MARKETING_VERSION = 1.0;
				PRODUCT_BUNDLE_IDENTIFIER = com.alom.baro.BaroMap;
				PRODUCT_NAME = "$(TARGET_NAME)";
				SWIFT_EMIT_LOC_STRINGS = YES;
				SWIFT_VERSION = 5.0;
				TARGETED_DEVICE_FAMILY = "1,2";
			};
			name = Release;
		};
		9357AF0D2B0C173F000B4353 /* Debug */ = {
			isa = XCBuildConfiguration;
			buildSettings = {
				ALWAYS_EMBED_SWIFT_STANDARD_LIBRARIES = YES;
				BUNDLE_LOADER = "$(TEST_HOST)";
				CODE_SIGN_STYLE = Automatic;
				CURRENT_PROJECT_VERSION = 1;
				DEVELOPMENT_TEAM = X4S5UYW6DJ;
				GENERATE_INFOPLIST_FILE = YES;
				IPHONEOS_DEPLOYMENT_TARGET = 17.0;
				MARKETING_VERSION = 1.0;
				PRODUCT_BUNDLE_IDENTIFIER = class.BaroMapTests;
				PRODUCT_NAME = "$(TARGET_NAME)";
				SWIFT_EMIT_LOC_STRINGS = NO;
				SWIFT_VERSION = 5.0;
				TARGETED_DEVICE_FAMILY = "1,2";
				TEST_HOST = "$(BUILT_PRODUCTS_DIR)/BaroMap.app/$(BUNDLE_EXECUTABLE_FOLDER_PATH)/BaroMap";
			};
			name = Debug;
		};
		9357AF0E2B0C173F000B4353 /* Release */ = {
			isa = XCBuildConfiguration;
			buildSettings = {
				ALWAYS_EMBED_SWIFT_STANDARD_LIBRARIES = YES;
				BUNDLE_LOADER = "$(TEST_HOST)";
				CODE_SIGN_STYLE = Automatic;
				CURRENT_PROJECT_VERSION = 1;
				DEVELOPMENT_TEAM = X4S5UYW6DJ;
				GENERATE_INFOPLIST_FILE = YES;
				IPHONEOS_DEPLOYMENT_TARGET = 17.0;
				MARKETING_VERSION = 1.0;
				PRODUCT_BUNDLE_IDENTIFIER = class.BaroMapTests;
				PRODUCT_NAME = "$(TARGET_NAME)";
				SWIFT_EMIT_LOC_STRINGS = NO;
				SWIFT_VERSION = 5.0;
				TARGETED_DEVICE_FAMILY = "1,2";
				TEST_HOST = "$(BUILT_PRODUCTS_DIR)/BaroMap.app/$(BUNDLE_EXECUTABLE_FOLDER_PATH)/BaroMap";
			};
			name = Release;
		};
		9357AF102B0C173F000B4353 /* Debug */ = {
			isa = XCBuildConfiguration;
			buildSettings = {
				ALWAYS_EMBED_SWIFT_STANDARD_LIBRARIES = YES;
				CODE_SIGN_STYLE = Automatic;
				CURRENT_PROJECT_VERSION = 1;
				DEVELOPMENT_TEAM = X4S5UYW6DJ;
				GENERATE_INFOPLIST_FILE = YES;
				MARKETING_VERSION = 1.0;
				PRODUCT_BUNDLE_IDENTIFIER = class.BaroMapUITests;
				PRODUCT_NAME = "$(TARGET_NAME)";
				SWIFT_EMIT_LOC_STRINGS = NO;
				SWIFT_VERSION = 5.0;
				TARGETED_DEVICE_FAMILY = "1,2";
				TEST_TARGET_NAME = BaroMap;
			};
			name = Debug;
		};
		9357AF112B0C173F000B4353 /* Release */ = {
			isa = XCBuildConfiguration;
			buildSettings = {
				ALWAYS_EMBED_SWIFT_STANDARD_LIBRARIES = YES;
				CODE_SIGN_STYLE = Automatic;
				CURRENT_PROJECT_VERSION = 1;
				DEVELOPMENT_TEAM = X4S5UYW6DJ;
				GENERATE_INFOPLIST_FILE = YES;
				MARKETING_VERSION = 1.0;
				PRODUCT_BUNDLE_IDENTIFIER = class.BaroMapUITests;
				PRODUCT_NAME = "$(TARGET_NAME)";
				SWIFT_EMIT_LOC_STRINGS = NO;
				SWIFT_VERSION = 5.0;
				TARGETED_DEVICE_FAMILY = "1,2";
				TEST_TARGET_NAME = BaroMap;
			};
			name = Release;
		};
/* End XCBuildConfiguration section */

/* Begin XCConfigurationList section */
		9357AEE02B0C173D000B4353 /* Build configuration list for PBXProject "BaroMap" */ = {
			isa = XCConfigurationList;
			buildConfigurations = (
				9357AF072B0C173F000B4353 /* Debug */,
				9357AF082B0C173F000B4353 /* Release */,
			);
			defaultConfigurationIsVisible = 0;
			defaultConfigurationName = Release;
		};
		9357AF092B0C173F000B4353 /* Build configuration list for PBXNativeTarget "BaroMap" */ = {
			isa = XCConfigurationList;
			buildConfigurations = (
				9357AF0A2B0C173F000B4353 /* Debug */,
				9357AF0B2B0C173F000B4353 /* Release */,
			);
			defaultConfigurationIsVisible = 0;
			defaultConfigurationName = Release;
		};
		9357AF0C2B0C173F000B4353 /* Build configuration list for PBXNativeTarget "BaroMapTests" */ = {
			isa = XCConfigurationList;
			buildConfigurations = (
				9357AF0D2B0C173F000B4353 /* Debug */,
				9357AF0E2B0C173F000B4353 /* Release */,
			);
			defaultConfigurationIsVisible = 0;
			defaultConfigurationName = Release;
		};
		9357AF0F2B0C173F000B4353 /* Build configuration list for PBXNativeTarget "BaroMapUITests" */ = {
			isa = XCConfigurationList;
			buildConfigurations = (
				9357AF102B0C173F000B4353 /* Debug */,
				9357AF112B0C173F000B4353 /* Release */,
			);
			defaultConfigurationIsVisible = 0;
			defaultConfigurationName = Release;
		};
/* End XCConfigurationList section */

/* Begin XCRemoteSwiftPackageReference section */
		933F71FE2B3EBDC900DAD51C /* XCRemoteSwiftPackageReference "NMapsMap" */ = {
			isa = XCRemoteSwiftPackageReference;
			repositoryURL = "https://github.com/jaemyeong/NMapsMap";
			requirement = {
				kind = upToNextMajorVersion;
				minimumVersion = 3.17.0;
			};
		};
		9357AF122B0C17CE000B4353 /* XCRemoteSwiftPackageReference "swift-composable-architecture" */ = {
			isa = XCRemoteSwiftPackageReference;
			repositoryURL = "https://github.com/pointfreeco/swift-composable-architecture.git";
			requirement = {
				kind = upToNextMajorVersion;
				minimumVersion = 1.4.2;
			};
		};
		93EE68312B3EADF90052454D /* XCRemoteSwiftPackageReference "Moya" */ = {
			isa = XCRemoteSwiftPackageReference;
			repositoryURL = "https://github.com/Moya/Moya";
			requirement = {
				kind = upToNextMajorVersion;
				minimumVersion = 15.0.3;
			};
		};
/* End XCRemoteSwiftPackageReference section */

/* Begin XCSwiftPackageProductDependency section */
		933F71FF2B3EBDC900DAD51C /* NMapsMap */ = {
			isa = XCSwiftPackageProductDependency;
			package = 933F71FE2B3EBDC900DAD51C /* XCRemoteSwiftPackageReference "NMapsMap" */;
			productName = NMapsMap;
		};
		9357AF132B0C17CE000B4353 /* ComposableArchitecture */ = {
			isa = XCSwiftPackageProductDependency;
			package = 9357AF122B0C17CE000B4353 /* XCRemoteSwiftPackageReference "swift-composable-architecture" */;
			productName = ComposableArchitecture;
		};
		93EE68322B3EADF90052454D /* CombineMoya */ = {
			isa = XCSwiftPackageProductDependency;
			package = 93EE68312B3EADF90052454D /* XCRemoteSwiftPackageReference "Moya" */;
			productName = CombineMoya;
		};
		93EE68342B3EADF90052454D /* Moya */ = {
			isa = XCSwiftPackageProductDependency;
			package = 93EE68312B3EADF90052454D /* XCRemoteSwiftPackageReference "Moya" */;
			productName = Moya;
		};
		93EE68362B3EADF90052454D /* ReactiveMoya */ = {
			isa = XCSwiftPackageProductDependency;
			package = 93EE68312B3EADF90052454D /* XCRemoteSwiftPackageReference "Moya" */;
			productName = ReactiveMoya;
		};
		93EE68382B3EADF90052454D /* RxMoya */ = {
			isa = XCSwiftPackageProductDependency;
			package = 93EE68312B3EADF90052454D /* XCRemoteSwiftPackageReference "Moya" */;
			productName = RxMoya;
		};
/* End XCSwiftPackageProductDependency section */
	};
	rootObject = 9357AEDD2B0C173D000B4353 /* Project object */;
}
